
Microsoft Visual Studio Solution File, Format Version 12.00
# Visual Studio 15
VisualStudioVersion = 15.0.28307.136
MinimumVisualStudioVersion = 10.0.40219.1
Project("{FAE04EC0-301F-11D3-BF4B-00C04F79EFBC}") = "Dereja3", "Dereja3\Dereja3.csproj", "{EC6A8706-E393-49B2-B3F6-A7644003B434}"
EndProject
Global
	GlobalSection(SolutionConfigurationPlatforms) = preSolution
		Debug|Any CPU = Debug|Any CPU
		Release|Any CPU = Release|Any CPU
	EndGlobalSection
	GlobalSection(ProjectConfigurationPlatforms) = postSolution
		{EC6A8706-E393-49B2-B3F6-A7644003B434}.Debug|Any CPU.ActiveCfg = Debug|Any CPU
		{EC6A8706-E393-49B2-B3F6-A7644003B434}.Debug|Any CPU.Build.0 = Debug|Any CPU
		{EC6A8706-E393-49B2-B3F6-A7644003B434}.Release|Any CPU.ActiveCfg = Release|Any CPU
		{EC6A8706-E393-49B2-B3F6-A7644003B434}.Release|Any CPU.Build.0 = Release|Any CPU
	EndGlobalSection
	GlobalSection(SolutionProperties) = preSolution
		HideSolutionNode = FALSE
	EndGlobalSection
	GlobalSection(ExtensibilityGlobals) = postSolution
		SolutionGuid = {0EFE85CF-2B8A-4D47-A94C-AEA3F14D54F3}
	EndGlobalSection
EndGlobal
